
Microsoft Visual Studio Solution File, Format Version 12.00
# Visual Studio Express 2013 for Windows Desktop
VisualStudioVersion = 12.0.31101.0
MinimumVisualStudioVersion = 10.0.40219.1
Project("{FAE04EC0-301F-11D3-BF4B-00C04F79EFBC}") = "LobiAPI", "LobiAPI\LobiAPI.csproj", "{EE93B00A-56EB-4277-BF41-639611CBC96C}"
EndProject
Project("{2150E333-8FDC-42A3-9474-1A3956D46DE8}") = "Solution Items", "Solution Items", "{273BC37D-A866-4A7E-8460-2C0CAB1AD65E}"
	ProjectSection(SolutionItems) = preProject
		memo.txt = memo.txt
	EndProjectSection
EndProject
Project("{FAE04EC0-301F-11D3-BF4B-00C04F79EFBC}") = "test_api", "test_api\test_api.csproj", "{C36995FB-55A7-4A47-8841-A9584EC54345}"
EndProject
Global
	GlobalSection(SolutionConfigurationPlatforms) = preSolution
		Debug|Any CPU = Debug|Any CPU
		Release|Any CPU = Release|Any CPU
	EndGlobalSection
	GlobalSection(ProjectConfigurationPlatforms) = postSolution
		{EE93B00A-56EB-4277-BF41-639611CBC96C}.Debug|Any CPU.ActiveCfg = Debug|Any CPU
		{EE93B00A-56EB-4277-BF41-639611CBC96C}.Debug|Any CPU.Build.0 = Debug|Any CPU
		{EE93B00A-56EB-4277-BF41-639611CBC96C}.Release|Any CPU.ActiveCfg = Release|Any CPU
		{EE93B00A-56EB-4277-BF41-639611CBC96C}.Release|Any CPU.Build.0 = Release|Any CPU
		{C36995FB-55A7-4A47-8841-A9584EC54345}.Debug|Any CPU.ActiveCfg = Debug|Any CPU
		{C36995FB-55A7-4A47-8841-A9584EC54345}.Debug|Any CPU.Build.0 = Debug|Any CPU
		{C36995FB-55A7-4A47-8841-A9584EC54345}.Release|Any CPU.ActiveCfg = Release|Any CPU
		{C36995FB-55A7-4A47-8841-A9584EC54345}.Release|Any CPU.Build.0 = Release|Any CPU
	EndGlobalSection
	GlobalSection(SolutionProperties) = preSolution
		HideSolutionNode = FALSE
	EndGlobalSection
EndGlobal
